// !$*UTF8*$!
{
	archiveVersion = 1;
	classes = {
	};
	objectVersion = 46;
	objects = {

/* Begin PBXBuildFile section */
		36248F2E1D9B0F7500388562 /* AppDelegate.swift in Sources */ = {isa = PBXBuildFile; fileRef = 36248F2D1D9B0F7500388562 /* AppDelegate.swift */; };
		36248F301D9B0F7500388562 /* SignInVC.swift in Sources */ = {isa = PBXBuildFile; fileRef = 36248F2F1D9B0F7500388562 /* SignInVC.swift */; };
		36248F331D9B0F7500388562 /* Main.storyboard in Resources */ = {isa = PBXBuildFile; fileRef = 36248F311D9B0F7500388562 /* Main.storyboard */; };
		36248F351D9B0F7500388562 /* Assets.xcassets in Resources */ = {isa = PBXBuildFile; fileRef = 36248F341D9B0F7500388562 /* Assets.xcassets */; };
		36248F381D9B0F7500388562 /* LaunchScreen.storyboard in Resources */ = {isa = PBXBuildFile; fileRef = 36248F361D9B0F7500388562 /* LaunchScreen.storyboard */; };
		36248F401D9B101B00388562 /* GoogleService-Info.plist in Resources */ = {isa = PBXBuildFile; fileRef = 36248F3F1D9B101B00388562 /* GoogleService-Info.plist */; };
		362A4B891D9CC82600407DFE /* FancyView.swift in Sources */ = {isa = PBXBuildFile; fileRef = 362A4B881D9CC82600407DFE /* FancyView.swift */; };
		362A4B8C1D9CC85800407DFE /* Constants.swift in Sources */ = {isa = PBXBuildFile; fileRef = 362A4B8B1D9CC85800407DFE /* Constants.swift */; };
		36532D781D9DB84B0082C650 /* RoundBtn.swift in Sources */ = {isa = PBXBuildFile; fileRef = 36532D771D9DB84B0082C650 /* RoundBtn.swift */; };
		36532D7A1D9DB9710082C650 /* FancyField.swift in Sources */ = {isa = PBXBuildFile; fileRef = 36532D791D9DB9710082C650 /* FancyField.swift */; };
		36532D7C1D9DBA820082C650 /* FancyBtn.swift in Sources */ = {isa = PBXBuildFile; fileRef = 36532D7B1D9DBA820082C650 /* FancyBtn.swift */; };
		36532D7E1D9DBACE0082C650 /* CircleView.swift in Sources */ = {isa = PBXBuildFile; fileRef = 36532D7D1D9DBACE0082C650 /* CircleView.swift */; };
		8A24046CE0F18DEB7E8EAF8A /* Pods_Tibimaru_social.framework in Frameworks */ = {isa = PBXBuildFile; fileRef = 762AD9594E3D3D019DD3F50E /* Pods_Tibimaru_social.framework */; };
/* End PBXBuildFile section */

/* Begin PBXFileReference section */
		0FBAB2D29DC548BA2487FBEA /* Pods-Tibimaru-social.debug.xcconfig */ = {isa = PBXFileReference; includeInIndex = 1; lastKnownFileType = text.xcconfig; name = "Pods-Tibimaru-social.debug.xcconfig"; path = "Pods/Target Support Files/Pods-Tibimaru-social/Pods-Tibimaru-social.debug.xcconfig"; sourceTree = "<group>"; };
		36248F2A1D9B0F7500388562 /* Tibimaru-social.app */ = {isa = PBXFileReference; explicitFileType = wrapper.application; includeInIndex = 0; path = "Tibimaru-social.app"; sourceTree = BUILT_PRODUCTS_DIR; };
		36248F2D1D9B0F7500388562 /* AppDelegate.swift */ = {isa = PBXFileReference; lastKnownFileType = sourcecode.swift; path = AppDelegate.swift; sourceTree = "<group>"; };
		36248F2F1D9B0F7500388562 /* SignInVC.swift */ = {isa = PBXFileReference; lastKnownFileType = sourcecode.swift; path = SignInVC.swift; sourceTree = "<group>"; };
		36248F321D9B0F7500388562 /* Base */ = {isa = PBXFileReference; lastKnownFileType = file.storyboard; name = Base; path = Base.lproj/Main.storyboard; sourceTree = "<group>"; };
		36248F341D9B0F7500388562 /* Assets.xcassets */ = {isa = PBXFileReference; lastKnownFileType = folder.assetcatalog; path = Assets.xcassets; sourceTree = "<group>"; };
		36248F371D9B0F7500388562 /* Base */ = {isa = PBXFileReference; lastKnownFileType = file.storyboard; name = Base; path = Base.lproj/LaunchScreen.storyboard; sourceTree = "<group>"; };
		36248F391D9B0F7500388562 /* Info.plist */ = {isa = PBXFileReference; lastKnownFileType = text.plist.xml; path = Info.plist; sourceTree = "<group>"; };
		36248F3F1D9B101B00388562 /* GoogleService-Info.plist */ = {isa = PBXFileReference; fileEncoding = 4; lastKnownFileType = text.plist.xml; path = "GoogleService-Info.plist"; sourceTree = "<group>"; };
		362A4B881D9CC82600407DFE /* FancyView.swift */ = {isa = PBXFileReference; fileEncoding = 4; lastKnownFileType = sourcecode.swift; path = FancyView.swift; sourceTree = "<group>"; };
		362A4B8B1D9CC85800407DFE /* Constants.swift */ = {isa = PBXFileReference; fileEncoding = 4; lastKnownFileType = sourcecode.swift; path = Constants.swift; sourceTree = "<group>"; };
		36532D771D9DB84B0082C650 /* RoundBtn.swift */ = {isa = PBXFileReference; fileEncoding = 4; lastKnownFileType = sourcecode.swift; path = RoundBtn.swift; sourceTree = "<group>"; };
		36532D791D9DB9710082C650 /* FancyField.swift */ = {isa = PBXFileReference; fileEncoding = 4; lastKnownFileType = sourcecode.swift; path = FancyField.swift; sourceTree = "<group>"; };
		36532D7B1D9DBA820082C650 /* FancyBtn.swift */ = {isa = PBXFileReference; fileEncoding = 4; lastKnownFileType = sourcecode.swift; path = FancyBtn.swift; sourceTree = "<group>"; };
		36532D7D1D9DBACE0082C650 /* CircleView.swift */ = {isa = PBXFileReference; fileEncoding = 4; lastKnownFileType = sourcecode.swift; path = CircleView.swift; sourceTree = "<group>"; };
		365C14CC1D9EEFA200BF76E4 /* Tibimaru-social.entitlements */ = {isa = PBXFileReference; lastKnownFileType = text.plist.entitlements; path = "Tibimaru-social.entitlements"; sourceTree = "<group>"; };
		762AD9594E3D3D019DD3F50E /* Pods_Tibimaru_social.framework */ = {isa = PBXFileReference; explicitFileType = wrapper.framework; includeInIndex = 0; path = Pods_Tibimaru_social.framework; sourceTree = BUILT_PRODUCTS_DIR; };
		AB081554774CEBDC55193BB4 /* Pods-Tibimaru-social.release.xcconfig */ = {isa = PBXFileReference; includeInIndex = 1; lastKnownFileType = text.xcconfig; name = "Pods-Tibimaru-social.release.xcconfig"; path = "Pods/Target Support Files/Pods-Tibimaru-social/Pods-Tibimaru-social.release.xcconfig"; sourceTree = "<group>"; };
/* End PBXFileReference section */

/* Begin PBXFrameworksBuildPhase section */
		36248F271D9B0F7500388562 /* Frameworks */ = {
			isa = PBXFrameworksBuildPhase;
			buildActionMask = 2147483647;
			files = (
				8A24046CE0F18DEB7E8EAF8A /* Pods_Tibimaru_social.framework in Frameworks */,
			);
			runOnlyForDeploymentPostprocessing = 0;
		};
/* End PBXFrameworksBuildPhase section */

/* Begin PBXGroup section */
		36248F211D9B0F7500388562 = {
			isa = PBXGroup;
			children = (
				36248F2C1D9B0F7500388562 /* Tibimaru-social */,
				36248F2B1D9B0F7500388562 /* Products */,
				FF0817B62C476401D64F0411 /* Pods */,
				F79719CF77BBB6DADF5EBD15 /* Frameworks */,
			);
			sourceTree = "<group>";
		};
		36248F2B1D9B0F7500388562 /* Products */ = {
			isa = PBXGroup;
			children = (
				36248F2A1D9B0F7500388562 /* Tibimaru-social.app */,
			);
			name = Products;
			sourceTree = "<group>";
		};
		36248F2C1D9B0F7500388562 /* Tibimaru-social */ = {
			isa = PBXGroup;
			children = (
				365C14CC1D9EEFA200BF76E4 /* Tibimaru-social.entitlements */,
				362A4B8A1D9CC83F00407DFE /* Uti */,
				36248F431D9B144200388562 /* Controller */,
				36248F421D9B142E00388562 /* View */,
				36248F411D9B141700388562 /* Model */,
				36248F2D1D9B0F7500388562 /* AppDelegate.swift */,
				36248F311D9B0F7500388562 /* Main.storyboard */,
				36248F341D9B0F7500388562 /* Assets.xcassets */,
				36248F361D9B0F7500388562 /* LaunchScreen.storyboard */,
				36248F391D9B0F7500388562 /* Info.plist */,
				36248F3F1D9B101B00388562 /* GoogleService-Info.plist */,
			);
			path = "Tibimaru-social";
			sourceTree = "<group>";
		};
		36248F411D9B141700388562 /* Model */ = {
			isa = PBXGroup;
			children = (
			);
			name = Model;
			sourceTree = "<group>";
		};
		36248F421D9B142E00388562 /* View */ = {
			isa = PBXGroup;
			children = (
				362A4B881D9CC82600407DFE /* FancyView.swift */,
				36532D7B1D9DBA820082C650 /* FancyBtn.swift */,
				36532D791D9DB9710082C650 /* FancyField.swift */,
				36532D7D1D9DBACE0082C650 /* CircleView.swift */,
				36532D771D9DB84B0082C650 /* RoundBtn.swift */,
			);
			name = View;
			sourceTree = "<group>";
		};
		36248F431D9B144200388562 /* Controller */ = {
			isa = PBXGroup;
			children = (
				36248F2F1D9B0F7500388562 /* SignInVC.swift */,
			);
			name = Controller;
			sourceTree = "<group>";
		};
		362A4B8A1D9CC83F00407DFE /* Uti */ = {
			isa = PBXGroup;
			children = (
				362A4B8B1D9CC85800407DFE /* Constants.swift */,
			);
			name = Uti;
			sourceTree = "<group>";
		};
		F79719CF77BBB6DADF5EBD15 /* Frameworks */ = {
			isa = PBXGroup;
			children = (
				762AD9594E3D3D019DD3F50E /* Pods_Tibimaru_social.framework */,
			);
			name = Frameworks;
			sourceTree = "<group>";
		};
		FF0817B62C476401D64F0411 /* Pods */ = {
			isa = PBXGroup;
			children = (
				0FBAB2D29DC548BA2487FBEA /* Pods-Tibimaru-social.debug.xcconfig */,
				AB081554774CEBDC55193BB4 /* Pods-Tibimaru-social.release.xcconfig */,
			);
			name = Pods;
			sourceTree = "<group>";
		};
/* End PBXGroup section */

/* Begin PBXNativeTarget section */
		36248F291D9B0F7500388562 /* Tibimaru-social */ = {
			isa = PBXNativeTarget;
			buildConfigurationList = 36248F3C1D9B0F7500388562 /* Build configuration list for PBXNativeTarget "Tibimaru-social" */;
			buildPhases = (
				F3784BC87B84A0305EBEF19A /* [CP] Check Pods Manifest.lock */,
				36248F261D9B0F7500388562 /* Sources */,
				36248F271D9B0F7500388562 /* Frameworks */,
				36248F281D9B0F7500388562 /* Resources */,
				97CD2A3209E5E6B2920E50A7 /* [CP] Embed Pods Frameworks */,
				497E04C7895DCF7AC735FBED /* [CP] Copy Pods Resources */,
			);
			buildRules = (
			);
			dependencies = (
			);
			name = "Tibimaru-social";
			productName = "Tibimaru-social";
			productReference = 36248F2A1D9B0F7500388562 /* Tibimaru-social.app */;
			productType = "com.apple.product-type.application";
		};
/* End PBXNativeTarget section */

/* Begin PBXProject section */
		36248F221D9B0F7500388562 /* Project object */ = {
			isa = PBXProject;
			attributes = {
				LastSwiftUpdateCheck = 0800;
				LastUpgradeCheck = 0800;
				ORGANIZATIONNAME = "和光ファーム";
				TargetAttributes = {
					36248F291D9B0F7500388562 = {
						CreatedOnToolsVersion = 8.0;
						DevelopmentTeam = H26A2JQJ8N;
						ProvisioningStyle = Automatic;
						SystemCapabilities = {
							com.apple.Keychain = {
								enabled = 1;
							};
						};
					};
				};
			};
			buildConfigurationList = 36248F251D9B0F7500388562 /* Build configuration list for PBXProject "Tibimaru-social" */;
			compatibilityVersion = "Xcode 3.2";
			developmentRegion = English;
			hasScannedForEncodings = 0;
			knownRegions = (
				en,
				Base,
			);
			mainGroup = 36248F211D9B0F7500388562;
			productRefGroup = 36248F2B1D9B0F7500388562 /* Products */;
			projectDirPath = "";
			projectRoot = "";
			targets = (
				36248F291D9B0F7500388562 /* Tibimaru-social */,
			);
		};
/* End PBXProject section */

/* Begin PBXResourcesBuildPhase section */
		36248F281D9B0F7500388562 /* Resources */ = {
			isa = PBXResourcesBuildPhase;
			buildActionMask = 2147483647;
			files = (
				36248F401D9B101B00388562 /* GoogleService-Info.plist in Resources */,
				36248F381D9B0F7500388562 /* LaunchScreen.storyboard in Resources */,
				36248F351D9B0F7500388562 /* Assets.xcassets in Resources */,
				36248F331D9B0F7500388562 /* Main.storyboard in Resources */,
			);
			runOnlyForDeploymentPostprocessing = 0;
		};
/* End PBXResourcesBuildPhase section */

/* Begin PBXShellScriptBuildPhase section */
		497E04C7895DCF7AC735FBED /* [CP] Copy Pods Resources */ = {
			isa = PBXShellScriptBuildPhase;
			buildActionMask = 2147483647;
			files = (
			);
			inputPaths = (
			);
			name = "[CP] Copy Pods Resources";
			outputPaths = (
			);
			runOnlyForDeploymentPostprocessing = 0;
			shellPath = /bin/sh;
			shellScript = "\"${SRCROOT}/Pods/Target Support Files/Pods-Tibimaru-social/Pods-Tibimaru-social-resources.sh\"\n";
			showEnvVarsInLog = 0;
		};
		97CD2A3209E5E6B2920E50A7 /* [CP] Embed Pods Frameworks */ = {
			isa = PBXShellScriptBuildPhase;
			buildActionMask = 2147483647;
			files = (
			);
			inputPaths = (
			);
			name = "[CP] Embed Pods Frameworks";
			outputPaths = (
			);
			runOnlyForDeploymentPostprocessing = 0;
			shellPath = /bin/sh;
			shellScript = "\"${SRCROOT}/Pods/Target Support Files/Pods-Tibimaru-social/Pods-Tibimaru-social-frameworks.sh\"\n";
			showEnvVarsInLog = 0;
		};
		F3784BC87B84A0305EBEF19A /* [CP] Check Pods Manifest.lock */ = {
			isa = PBXShellScriptBuildPhase;
			buildActionMask = 2147483647;
			files = (
			);
			inputPaths = (
			);
			name = "[CP] Check Pods Manifest.lock";
			outputPaths = (
			);
			runOnlyForDeploymentPostprocessing = 0;
			shellPath = /bin/sh;
			shellScript = "diff \"${PODS_ROOT}/../Podfile.lock\" \"${PODS_ROOT}/Manifest.lock\" > /dev/null\nif [ $? != 0 ] ; then\n    # print error to STDERR\n    echo \"error: The sandbox is not in sync with the Podfile.lock. Run 'pod install' or update your CocoaPods installation.\" >&2\n    exit 1\nfi\n";
			showEnvVarsInLog = 0;
		};
/* End PBXShellScriptBuildPhase section */

/* Begin PBXSourcesBuildPhase section */
		36248F261D9B0F7500388562 /* Sources */ = {
			isa = PBXSourcesBuildPhase;
			buildActionMask = 2147483647;
			files = (
				36532D7E1D9DBACE0082C650 /* CircleView.swift in Sources */,
				36532D7A1D9DB9710082C650 /* FancyField.swift in Sources */,
				36248F301D9B0F7500388562 /* SignInVC.swift in Sources */,
				36532D781D9DB84B0082C650 /* RoundBtn.swift in Sources */,
				36248F2E1D9B0F7500388562 /* AppDelegate.swift in Sources */,
				362A4B891D9CC82600407DFE /* FancyView.swift in Sources */,
				362A4B8C1D9CC85800407DFE /* Constants.swift in Sources */,
				36532D7C1D9DBA820082C650 /* FancyBtn.swift in Sources */,
			);
			runOnlyForDeploymentPostprocessing = 0;
		};
/* End PBXSourcesBuildPhase section */

/* Begin PBXVariantGroup section */
		36248F311D9B0F7500388562 /* Main.storyboard */ = {
			isa = PBXVariantGroup;
			children = (
				36248F321D9B0F7500388562 /* Base */,
			);
			name = Main.storyboard;
			sourceTree = "<group>";
		};
		36248F361D9B0F7500388562 /* LaunchScreen.storyboard */ = {
			isa = PBXVariantGroup;
			children = (
				36248F371D9B0F7500388562 /* Base */,
			);
			name = LaunchScreen.storyboard;
			sourceTree = "<group>";
		};
/* End PBXVariantGroup section */

/* Begin XCBuildConfiguration section */
		36248F3A1D9B0F7500388562 /* Debug */ = {
			isa = XCBuildConfiguration;
			buildSettings = {
				ALWAYS_SEARCH_USER_PATHS = NO;
				CLANG_ANALYZER_NONNULL = YES;
				CLANG_CXX_LANGUAGE_STANDARD = "gnu++0x";
				CLANG_CXX_LIBRARY = "libc++";
				CLANG_ENABLE_MODULES = YES;
				CLANG_ENABLE_OBJC_ARC = YES;
				CLANG_WARN_BOOL_CONVERSION = YES;
				CLANG_WARN_CONSTANT_CONVERSION = YES;
				CLANG_WARN_DIRECT_OBJC_ISA_USAGE = YES_ERROR;
				CLANG_WARN_DOCUMENTATION_COMMENTS = YES;
				CLANG_WARN_EMPTY_BODY = YES;
				CLANG_WARN_ENUM_CONVERSION = YES;
				CLANG_WARN_INFINITE_RECURSION = YES;
				CLANG_WARN_INT_CONVERSION = YES;
				CLANG_WARN_OBJC_ROOT_CLASS = YES_ERROR;
				CLANG_WARN_SUSPICIOUS_MOVES = YES;
				CLANG_WARN_UNREACHABLE_CODE = YES;
				CLANG_WARN__DUPLICATE_METHOD_MATCH = YES;
				"CODE_SIGN_IDENTITY[sdk=iphoneos*]" = "iPhone Developer";
				COPY_PHASE_STRIP = NO;
				DEBUG_INFORMATION_FORMAT = dwarf;
				ENABLE_STRICT_OBJC_MSGSEND = YES;
				ENABLE_TESTABILITY = YES;
				GCC_C_LANGUAGE_STANDARD = gnu99;
				GCC_DYNAMIC_NO_PIC = NO;
				GCC_NO_COMMON_BLOCKS = YES;
				GCC_OPTIMIZATION_LEVEL = 0;
				GCC_PREPROCESSOR_DEFINITIONS = (
					"DEBUG=1",
					"$(inherited)",
				);
				GCC_WARN_64_TO_32_BIT_CONVERSION = YES;
				GCC_WARN_ABOUT_RETURN_TYPE = YES_ERROR;
				GCC_WARN_UNDECLARED_SELECTOR = YES;
				GCC_WARN_UNINITIALIZED_AUTOS = YES_AGGRESSIVE;
				GCC_WARN_UNUSED_FUNCTION = YES;
				GCC_WARN_UNUSED_VARIABLE = YES;
				IPHONEOS_DEPLOYMENT_TARGET = 10.0;
				MTL_ENABLE_DEBUG_INFO = YES;
				ONLY_ACTIVE_ARCH = YES;
				SDKROOT = iphoneos;
				SWIFT_ACTIVE_COMPILATION_CONDITIONS = DEBUG;
				SWIFT_OPTIMIZATION_LEVEL = "-Onone";
				TARGETED_DEVICE_FAMILY = "1,2";
			};
			name = Debug;
		};
		36248F3B1D9B0F7500388562 /* Release */ = {
			isa = XCBuildConfiguration;
			buildSettings = {
				ALWAYS_SEARCH_USER_PATHS = NO;
				CLANG_ANALYZER_NONNULL = YES;
				CLANG_CXX_LANGUAGE_STANDARD = "gnu++0x";
				CLANG_CXX_LIBRARY = "libc++";
				CLANG_ENABLE_MODULES = YES;
				CLANG_ENABLE_OBJC_ARC = YES;
				CLANG_WARN_BOOL_CONVERSION = YES;
				CLANG_WARN_CONSTANT_CONVERSION = YES;
				CLANG_WARN_DIRECT_OBJC_ISA_USAGE = YES_ERROR;
				CLANG_WARN_DOCUMENTATION_COMMENTS = YES;
				CLANG_WARN_EMPTY_BODY = YES;
				CLANG_WARN_ENUM_CONVERSION = YES;
				CLANG_WARN_INFINITE_RECURSION = YES;
				CLANG_WARN_INT_CONVERSION = YES;
				CLANG_WARN_OBJC_ROOT_CLASS = YES_ERROR;
				CLANG_WARN_SUSPICIOUS_MOVES = YES;
				CLANG_WARN_UNREACHABLE_CODE = YES;
				CLANG_WARN__DUPLICATE_METHOD_MATCH = YES;
				"CODE_SIGN_IDENTITY[sdk=iphoneos*]" = "iPhone Developer";
				COPY_PHASE_STRIP = NO;
				DEBUG_INFORMATION_FORMAT = "dwarf-with-dsym";
				ENABLE_NS_ASSERTIONS = NO;
				ENABLE_STRICT_OBJC_MSGSEND = YES;
				GCC_C_LANGUAGE_STANDARD = gnu99;
				GCC_NO_COMMON_BLOCKS = YES;
				GCC_WARN_64_TO_32_BIT_CONVERSION = YES;
				GCC_WARN_ABOUT_RETURN_TYPE = YES_ERROR;
				GCC_WARN_UNDECLARED_SELECTOR = YES;
				GCC_WARN_UNINITIALIZED_AUTOS = YES_AGGRESSIVE;
				GCC_WARN_UNUSED_FUNCTION = YES;
				GCC_WARN_UNUSED_VARIABLE = YES;
				IPHONEOS_DEPLOYMENT_TARGET = 10.0;
				MTL_ENABLE_DEBUG_INFO = NO;
				SDKROOT = iphoneos;
				SWIFT_OPTIMIZATION_LEVEL = "-Owholemodule";
				TARGETED_DEVICE_FAMILY = "1,2";
				VALIDATE_PRODUCT = YES;
			};
			name = Release;
		};
		36248F3D1D9B0F7500388562 /* Debug */ = {
			isa = XCBuildConfiguration;
			baseConfigurationReference = 0FBAB2D29DC548BA2487FBEA /* Pods-Tibimaru-social.debug.xcconfig */;
			buildSettings = {
				ASSETCATALOG_COMPILER_APPICON_NAME = AppIcon;
				CODE_SIGN_ENTITLEMENTS = "Tibimaru-social/Tibimaru-social.entitlements";
				DEVELOPMENT_TEAM = H26A2JQJ8N;
				INFOPLIST_FILE = "Tibimaru-social/Info.plist";
				LD_RUNPATH_SEARCH_PATHS = "$(inherited) @executable_path/Frameworks";
				PRODUCT_BUNDLE_IDENTIFIER = "com.wakofirm.Tibimaru-social";
				PRODUCT_NAME = "$(TARGET_NAME)";
				SWIFT_VERSION = 3.0;
			};
			name = Debug;
		};
		36248F3E1D9B0F7500388562 /* Release */ = {
			isa = XCBuildConfiguration;
			baseConfigurationReference = AB081554774CEBDC55193BB4 /* Pods-Tibimaru-social.release.xcconfig */;
			buildSettings = {
				ASSETCATALOG_COMPILER_APPICON_NAME = AppIcon;
				CODE_SIGN_ENTITLEMENTS = "Tibimaru-social/Tibimaru-social.entitlements";
				DEVELOPMENT_TEAM = H26A2JQJ8N;
				INFOPLIST_FILE = "Tibimaru-social/Info.plist";
				LD_RUNPATH_SEARCH_PATHS = "$(inherited) @executable_path/Frameworks";
				PRODUCT_BUNDLE_IDENTIFIER = "com.wakofirm.Tibimaru-social";
				PRODUCT_NAME = "$(TARGET_NAME)";
				SWIFT_VERSION = 3.0;
			};
			name = Release;
		};
/* End XCBuildConfiguration section */

/* Begin XCConfigurationList section */
		36248F251D9B0F7500388562 /* Build configuration list for PBXProject "Tibimaru-social" */ = {
			isa = XCConfigurationList;
			buildConfigurations = (
				36248F3A1D9B0F7500388562 /* Debug */,
				36248F3B1D9B0F7500388562 /* Release */,
			);
			defaultConfigurationIsVisible = 0;
			defaultConfigurationName = Release;
		};
		36248F3C1D9B0F7500388562 /* Build configuration list for PBXNativeTarget "Tibimaru-social" */ = {
			isa = XCConfigurationList;
			buildConfigurations = (
				36248F3D1D9B0F7500388562 /* Debug */,
				36248F3E1D9B0F7500388562 /* Release */,
			);
			defaultConfigurationIsVisible = 0;
			defaultConfigurationName = Release;
		};
/* End XCConfigurationList section */
	};
	rootObject = 36248F221D9B0F7500388562 /* Project object */;
}
